
Microsoft Visual Studio Solution File, Format Version 12.00
# Visual Studio Version 17
VisualStudioVersion = 17.8.34330.188
MinimumVisualStudioVersion = 10.0.40219.1
Project("{FAE04EC0-301F-11D3-BF4B-00C04F79EFBC}") = "RealTimeDiagram.Server", "RealTimeDiagram.Server.csproj", "{5A10D6CB-AE12-42F7-9B09-CC770DEA2544}"
EndProject
Global
	GlobalSection(SolutionConfigurationPlatforms) = preSolution
		Debug|Any CPU = Debug|Any CPU
		Release|Any CPU = Release|Any CPU
	EndGlobalSection
	GlobalSection(ProjectConfigurationPlatforms) = postSolution
		{5A10D6CB-AE12-42F7-9B09-CC770DEA2544}.Debug|Any CPU.ActiveCfg = Debug|Any CPU
		{5A10D6CB-AE12-42F7-9B09-CC770DEA2544}.Debug|Any CPU.Build.0 = Debug|Any CPU
		{5A10D6CB-AE12-42F7-9B09-CC770DEA2544}.Release|Any CPU.ActiveCfg = Release|Any CPU
		{5A10D6CB-AE12-42F7-9B09-CC770DEA2544}.Release|Any CPU.Build.0 = Release|Any CPU
	EndGlobalSection
	GlobalSection(SolutionProperties) = preSolution
		HideSolutionNode = FALSE
	EndGlobalSection
	GlobalSection(ExtensibilityGlobals) = postSolution
		SolutionGuid = {3D1097B2-4211-44BC-9AD5-65505012FF3A}
	EndGlobalSection
EndGlobal
